{
  "name": "simple-input",
  "version": "0.0.1",
  "lockfileVersion": 1,
  "requires": true,
  "dependencies": {
    "@polymer/polymer": {
      "version": "3.0.0-pre.1",
      "resolved": "https://registry.npmjs.org/@polymer/polymer/-/polymer-3.0.0-pre.1.tgz",
      "integrity": "sha512-yfVY9yl3hmnbU+RtcOobmmiPCkqIqpjMdo3+KoJ6gpFTUFFClKBqSAe7qussIGoyEUNdacXHF6OUj0Y2bTIDew==",
      "requires": {
        "@webcomponents/shadycss": "1.0.5",
        "@webcomponents/webcomponentsjs": "1.0.10"
      }
    },
    "@webcomponents/shadycss": {
      "version": "1.0.5",
      "resolved": "https://registry.npmjs.org/@webcomponents/shadycss/-/shadycss-1.0.5.tgz",
      "integrity": "sha512-HJODFIrzQN1FiTzdGNiuQIU5qU8StdUNmNca2QWm+NVqbkXUvjpkrB7Y/PgN64/zVawfGNIA9twklgX0ifY0JA=="
    },
    "@webcomponents/webcomponentsjs": {
      "version": "1.0.10",
      "resolved": "https://registry.npmjs.org/@webcomponents/webcomponentsjs/-/webcomponentsjs-1.0.10.tgz",
      "integrity": "sha512-GqIFgFcfJHBTGM/iOJo1bnPBv58EYJTFQFYH+RmfwJslwxfZjuAtGyusGvFnCzuDH6SIYTfkPuFSsHsKe3cCdg=="
    }
  }
}
